
Microsoft Visual Studio Solution File, Format Version 12.00
# Visual Studio Version 17
VisualStudioVersion = 17.0.31903.59
MinimumVisualStudioVersion = 10.0.40219.1
Project("{FAE04EC0-301F-11D3-BF4B-00C04F79EFBC}") = "SpeccyStudio", "SpeccyStudio\SpeccyStudio.csproj", "{B39FACB3-B2C2-4A38-9798-0EA80ECEA71E}"
EndProject
Project("{FAE04EC0-301F-11D3-BF4B-00C04F79EFBC}") = "SpeccyStudio.SmokeTests", "SpeccyStudio.SmokeTests\SpeccyStudio.SmokeTests.csproj", "{9F8D0C71-B567-48B2-A783-CF83E3C380E1}"
EndProject
Global
	GlobalSection(SolutionConfigurationPlatforms) = preSolution
		Debug|Any CPU = Debug|Any CPU
		Debug|x64 = Debug|x64
		Debug|x86 = Debug|x86
		Release|Any CPU = Release|Any CPU
		Release|x64 = Release|x64
		Release|x86 = Release|x86
	EndGlobalSection
	GlobalSection(ProjectConfigurationPlatforms) = postSolution
		{B39FACB3-B2C2-4A38-9798-0EA80ECEA71E}.Debug|Any CPU.ActiveCfg = Debug|Any CPU
		{B39FACB3-B2C2-4A38-9798-0EA80ECEA71E}.Debug|Any CPU.Build.0 = Debug|Any CPU
		{B39FACB3-B2C2-4A38-9798-0EA80ECEA71E}.Debug|x64.ActiveCfg = Debug|Any CPU
		{B39FACB3-B2C2-4A38-9798-0EA80ECEA71E}.Debug|x64.Build.0 = Debug|Any CPU
		{B39FACB3-B2C2-4A38-9798-0EA80ECEA71E}.Debug|x86.ActiveCfg = Debug|Any CPU
		{B39FACB3-B2C2-4A38-9798-0EA80ECEA71E}.Debug|x86.Build.0 = Debug|Any CPU
		{B39FACB3-B2C2-4A38-9798-0EA80ECEA71E}.Release|Any CPU.ActiveCfg = Release|Any CPU
		{B39FACB3-B2C2-4A38-9798-0EA80ECEA71E}.Release|Any CPU.Build.0 = Release|Any CPU
		{B39FACB3-B2C2-4A38-9798-0EA80ECEA71E}.Release|x64.ActiveCfg = Release|Any CPU
		{B39FACB3-B2C2-4A38-9798-0EA80ECEA71E}.Release|x64.Build.0 = Release|Any CPU
		{B39FACB3-B2C2-4A38-9798-0EA80ECEA71E}.Release|x86.ActiveCfg = Release|Any CPU
		{B39FACB3-B2C2-4A38-9798-0EA80ECEA71E}.Release|x86.Build.0 = Release|Any CPU
		{9F8D0C71-B567-48B2-A783-CF83E3C380E1}.Debug|Any CPU.ActiveCfg = Debug|Any CPU
		{9F8D0C71-B567-48B2-A783-CF83E3C380E1}.Debug|Any CPU.Build.0 = Debug|Any CPU
		{9F8D0C71-B567-48B2-A783-CF83E3C380E1}.Debug|x64.ActiveCfg = Debug|Any CPU
		{9F8D0C71-B567-48B2-A783-CF83E3C380E1}.Debug|x64.Build.0 = Debug|Any CPU
		{9F8D0C71-B567-48B2-A783-CF83E3C380E1}.Debug|x86.ActiveCfg = Debug|Any CPU
		{9F8D0C71-B567-48B2-A783-CF83E3C380E1}.Debug|x86.Build.0 = Debug|Any CPU
		{9F8D0C71-B567-48B2-A783-CF83E3C380E1}.Release|Any CPU.ActiveCfg = Release|Any CPU
		{9F8D0C71-B567-48B2-A783-CF83E3C380E1}.Release|Any CPU.Build.0 = Release|Any CPU
		{9F8D0C71-B567-48B2-A783-CF83E3C380E1}.Release|x64.ActiveCfg = Release|Any CPU
		{9F8D0C71-B567-48B2-A783-CF83E3C380E1}.Release|x64.Build.0 = Release|Any CPU
		{9F8D0C71-B567-48B2-A783-CF83E3C380E1}.Release|x86.ActiveCfg = Release|Any CPU
		{9F8D0C71-B567-48B2-A783-CF83E3C380E1}.Release|x86.Build.0 = Release|Any CPU
	EndGlobalSection
	GlobalSection(SolutionProperties) = preSolution
		HideSolutionNode = FALSE
	EndGlobalSection
EndGlobal
